
Microsoft Visual Studio Solution File, Format Version 12.00
# Visual Studio 15
VisualStudioVersion = 15.0.28307.168
MinimumVisualStudioVersion = 10.0.40219.1
Project("{9A19103F-16F7-4668-BE54-9A1E7A4F7556}") = "EquipmentManagement.Domain", "EquipmentManagement.Domain\EquipmentManagement.Domain.csproj", "{FA93AD90-211A-412D-830E-875C25B2410C}"
EndProject
Project("{9A19103F-16F7-4668-BE54-9A1E7A4F7556}") = "EquipmentManagement.Infrastructura", "EquipmentManagement.Infrastructura\EquipmentManagement.Infrastructura.csproj", "{EA071FA5-B6DC-4AAB-BD24-5021172CC872}"
EndProject
Project("{9A19103F-16F7-4668-BE54-9A1E7A4F7556}") = "EquipmentManagement.Web", "EquipmentManagement.Web\EquipmentManagement.Web.csproj", "{043678A6-B20E-4DD4-82E2-F8F0D2AC9EC9}"
EndProject
Project("{9A19103F-16F7-4668-BE54-9A1E7A4F7556}") = "EquipmentManagement.Application", "EquipmentManagement.Application\EquipmentManagement.Application.csproj", "{2DBA9ABF-3131-44C7-B851-DA1FA584A2A5}"
EndProject
Project("{9A19103F-16F7-4668-BE54-9A1E7A4F7556}") = "EquipmentManagement.Security", "EquipmentManagement.Security\EquipmentManagement.Security.csproj", "{0D50D338-A1E2-41F9-A432-6651180D5021}"
EndProject
Global
	GlobalSection(SolutionConfigurationPlatforms) = preSolution
		Debug|Any CPU = Debug|Any CPU
		Release|Any CPU = Release|Any CPU
	EndGlobalSection
	GlobalSection(ProjectConfigurationPlatforms) = postSolution
		{FA93AD90-211A-412D-830E-875C25B2410C}.Debug|Any CPU.ActiveCfg = Debug|Any CPU
		{FA93AD90-211A-412D-830E-875C25B2410C}.Debug|Any CPU.Build.0 = Debug|Any CPU
		{FA93AD90-211A-412D-830E-875C25B2410C}.Release|Any CPU.ActiveCfg = Release|Any CPU
		{FA93AD90-211A-412D-830E-875C25B2410C}.Release|Any CPU.Build.0 = Release|Any CPU
		{EA071FA5-B6DC-4AAB-BD24-5021172CC872}.Debug|Any CPU.ActiveCfg = Debug|Any CPU
		{EA071FA5-B6DC-4AAB-BD24-5021172CC872}.Debug|Any CPU.Build.0 = Debug|Any CPU
		{EA071FA5-B6DC-4AAB-BD24-5021172CC872}.Release|Any CPU.ActiveCfg = Release|Any CPU
		{EA071FA5-B6DC-4AAB-BD24-5021172CC872}.Release|Any CPU.Build.0 = Release|Any CPU
		{043678A6-B20E-4DD4-82E2-F8F0D2AC9EC9}.Debug|Any CPU.ActiveCfg = Debug|Any CPU
		{043678A6-B20E-4DD4-82E2-F8F0D2AC9EC9}.Debug|Any CPU.Build.0 = Debug|Any CPU
		{043678A6-B20E-4DD4-82E2-F8F0D2AC9EC9}.Release|Any CPU.ActiveCfg = Release|Any CPU
		{043678A6-B20E-4DD4-82E2-F8F0D2AC9EC9}.Release|Any CPU.Build.0 = Release|Any CPU
		{2DBA9ABF-3131-44C7-B851-DA1FA584A2A5}.Debug|Any CPU.ActiveCfg = Debug|Any CPU
		{2DBA9ABF-3131-44C7-B851-DA1FA584A2A5}.Debug|Any CPU.Build.0 = Debug|Any CPU
		{2DBA9ABF-3131-44C7-B851-DA1FA584A2A5}.Release|Any CPU.ActiveCfg = Release|Any CPU
		{2DBA9ABF-3131-44C7-B851-DA1FA584A2A5}.Release|Any CPU.Build.0 = Release|Any CPU
		{0D50D338-A1E2-41F9-A432-6651180D5021}.Debug|Any CPU.ActiveCfg = Debug|Any CPU
		{0D50D338-A1E2-41F9-A432-6651180D5021}.Debug|Any CPU.Build.0 = Debug|Any CPU
		{0D50D338-A1E2-41F9-A432-6651180D5021}.Release|Any CPU.ActiveCfg = Release|Any CPU
		{0D50D338-A1E2-41F9-A432-6651180D5021}.Release|Any CPU.Build.0 = Release|Any CPU
	EndGlobalSection
	GlobalSection(SolutionProperties) = preSolution
		HideSolutionNode = FALSE
	EndGlobalSection
	GlobalSection(ExtensibilityGlobals) = postSolution
		SolutionGuid = {0699CA17-D726-4C29-B99C-C0AA2DD3129E}
	EndGlobalSection
EndGlobal
